// !$*UTF8*$!
{
	archiveVersion = 1;
	classes = {
	};
	objectVersion = 70;
	objects = {

/* Begin PBXBuildFile section */
		D10589C32DC2D8A400E0F3BE /* .gitkeep in Resources */ = {isa = PBXBuildFile; fileRef = D10589BF2DC2D8A400E0F3BE /* .gitkeep */; };
		D10589C52DC2D8A400E0F3BE /* DepthAnythingV2SmallF16.mlpackage in Sources */ = {isa = PBXBuildFile; fileRef = D10589C02DC2D8A400E0F3BE /* DepthAnythingV2SmallF16.mlpackage */; };
		D10D1DD52DA6EDD900746F53 /* inpaint.drawing in Resources */ = {isa = PBXBuildFile; fileRef = D10D1DD42DA6EDD900746F53 /* inpaint.drawing */; };
		D10D1DD72DA6F0F500746F53 /* fancycat.drawing in Resources */ = {isa = PBXBuildFile; fileRef = D10D1DD62DA6F0F500746F53 /* fancycat.drawing */; };
		D121A54B2DC19517000CE87D /* AnyCodable in Frameworks */ = {isa = PBXBuildFile; productRef = D121A54A2DC19517000CE87D /* AnyCodable */; };
		D13024772DC969F5006EA67C /* FastViTMA36F16.mlpackage in Sources */ = {isa = PBXBuildFile; fileRef = D13024762DC969F5006EA67C /* FastViTMA36F16.mlpackage */; };
		D130247B2DC97011006EA67C /* FastViTT8F16.mlpackage in Sources */ = {isa = PBXBuildFile; fileRef = D130247A2DC97011006EA67C /* FastViTT8F16.mlpackage */; };
		D1433E4D300D25D600FB7E8C /* mobileclip2_s2.aimodel in Sources */ = {isa = PBXBuildFile; fileRef = D1433E4C300D25D600FB7E8C /* mobileclip2_s2.aimodel */; };
		D16CAE492BB3724000ECA710 /* DungeonsAndLlamasApp.swift in Sources */ = {isa = PBXBuildFile; fileRef = D16CAE482BB3724000ECA710 /* DungeonsAndLlamasApp.swift */; };
		D16CAE4F2BB3724100ECA710 /* Assets.xcassets in Resources */ = {isa = PBXBuildFile; fileRef = D16CAE4E2BB3724100ECA710 /* Assets.xcassets */; };
		D16CAE522BB3724100ECA710 /* Preview Assets.xcassets in Resources */ = {isa = PBXBuildFile; fileRef = D16CAE512BB3724100ECA710 /* Preview Assets.xcassets */; };
		D1BA8A842FF1EF73001D5466 /* SQLPropertyMacros in Frameworks */ = {isa = PBXBuildFile; productRef = D1BA8A832FF1EF73001D5466 /* SQLPropertyMacros */; };
		D1F839D22DA07C580028E034 /* SQLite in Frameworks */ = {isa = PBXBuildFile; productRef = D1F839D12DA07C580028E034 /* SQLite */; };
/* End PBXBuildFile section */

/* Begin PBXFileReference section */
		D10589BF2DC2D8A400E0F3BE /* .gitkeep */ = {isa = PBXFileReference; lastKnownFileType = text; path = .gitkeep; sourceTree = "<group>"; };
		D10589C02DC2D8A400E0F3BE /* DepthAnythingV2SmallF16.mlpackage */ = {isa = PBXFileReference; lastKnownFileType = folder.mlpackage; path = DepthAnythingV2SmallF16.mlpackage; sourceTree = "<group>"; };
		D10D1DD42DA6EDD900746F53 /* inpaint.drawing */ = {isa = PBXFileReference; lastKnownFileType = file; path = inpaint.drawing; sourceTree = "<group>"; };
		D10D1DD62DA6F0F500746F53 /* fancycat.drawing */ = {isa = PBXFileReference; lastKnownFileType = file; path = fancycat.drawing; sourceTree = "<group>"; };
		D13024762DC969F5006EA67C /* FastViTMA36F16.mlpackage */ = {isa = PBXFileReference; lastKnownFileType = folder.mlpackage; path = FastViTMA36F16.mlpackage; sourceTree = "<group>"; };
		D130247A2DC97011006EA67C /* FastViTT8F16.mlpackage */ = {isa = PBXFileReference; lastKnownFileType = folder.mlpackage; path = FastViTT8F16.mlpackage; sourceTree = "<group>"; };
		D1433E4C300D25D600FB7E8C /* mobileclip2_s2.aimodel */ = {isa = PBXFileReference; lastKnownFileType = folder.aimodel; path = mobileclip2_s2.aimodel; sourceTree = "<group>"; };
		D16CAE452BB3724000ECA710 /* DungeonsAndLlamas.app */ = {isa = PBXFileReference; explicitFileType = wrapper.application; includeInIndex = 0; path = DungeonsAndLlamas.app; sourceTree = BUILT_PRODUCTS_DIR; };
		D16CAE482BB3724000ECA710 /* DungeonsAndLlamasApp.swift */ = {isa = PBXFileReference; lastKnownFileType = sourcecode.swift; path = DungeonsAndLlamasApp.swift; sourceTree = "<group>"; };
		D16CAE4E2BB3724100ECA710 /* Assets.xcassets */ = {isa = PBXFileReference; lastKnownFileType = folder.assetcatalog; path = Assets.xcassets; sourceTree = "<group>"; };
		D16CAE512BB3724100ECA710 /* Preview Assets.xcassets */ = {isa = PBXFileReference; lastKnownFileType = folder.assetcatalog; path = "Preview Assets.xcassets"; sourceTree = "<group>"; };
/* End PBXFileReference section */

/* Begin PBXFileSystemSynchronizedRootGroup section */
		D1BA89EF2FF1E5DC001D5466 /* Service */ = {isa = PBXFileSystemSynchronizedRootGroup; explicitFileTypes = {}; explicitFolders = (); path = Service; sourceTree = "<group>"; };
		D1BA8A022FF1E5F6001D5466 /* API */ = {isa = PBXFileSystemSynchronizedRootGroup; explicitFileTypes = {}; explicitFolders = (); path = API; sourceTree = "<group>"; };
		D1BA8A0D2FF1E604001D5466 /* Navigation */ = {isa = PBXFileSystemSynchronizedRootGroup; explicitFileTypes = {}; explicitFolders = (); path = Navigation; sourceTree = "<group>"; };
		D1BA8A302FF1E607001D5466 /* Views */ = {isa = PBXFileSystemSynchronizedRootGroup; explicitFileTypes = {}; explicitFolders = (); path = Views; sourceTree = "<group>"; };
/* End PBXFileSystemSynchronizedRootGroup section */

/* Begin PBXFrameworksBuildPhase section */
		D16CAE422BB3724000ECA710 /* Frameworks */ = {
			isa = PBXFrameworksBuildPhase;
			buildActionMask = 2147483647;
			files = (
				D121A54B2DC19517000CE87D /* AnyCodable in Frameworks */,
				D1F839D22DA07C580028E034 /* SQLite in Frameworks */,
				D1BA8A842FF1EF73001D5466 /* SQLPropertyMacros in Frameworks */,
			);
			runOnlyForDeploymentPostprocessing = 0;
		};
/* End PBXFrameworksBuildPhase section */

/* Begin PBXGroup section */
		D10589C12DC2D8A400E0F3BE /* Models */ = {
			isa = PBXGroup;
			children = (
				D1433E4C300D25D600FB7E8C /* mobileclip2_s2.aimodel */,
				D130247A2DC97011006EA67C /* FastViTT8F16.mlpackage */,
				D13024762DC969F5006EA67C /* FastViTMA36F16.mlpackage */,
				D10589BF2DC2D8A400E0F3BE /* .gitkeep */,
				D10589C02DC2D8A400E0F3BE /* DepthAnythingV2SmallF16.mlpackage */,
			);
			path = Models;
			sourceTree = "<group>";
		};
		D10D1DD32DA6EDBE00746F53 /* Test Data */ = {
			isa = PBXGroup;
			children = (
				D10D1DD62DA6F0F500746F53 /* fancycat.drawing */,
				D10D1DD42DA6EDD900746F53 /* inpaint.drawing */,
			);
			path = "Test Data";
			sourceTree = "<group>";
		};
		D16CAE3C2BB3724000ECA710 = {
			isa = PBXGroup;
			children = (
				D16CAE472BB3724000ECA710 /* DungeonsAndLlamas */,
				D16CAE462BB3724000ECA710 /* Products */,
			);
			sourceTree = "<group>";
		};
		D16CAE462BB3724000ECA710 /* Products */ = {
			isa = PBXGroup;
			children = (
				D16CAE452BB3724000ECA710 /* DungeonsAndLlamas.app */,
			);
			name = Products;
			sourceTree = "<group>";
		};
		D16CAE472BB3724000ECA710 /* DungeonsAndLlamas */ = {
			isa = PBXGroup;
			children = (
				D16CAE482BB3724000ECA710 /* DungeonsAndLlamasApp.swift */,
				D1BA8A0D2FF1E604001D5466 /* Navigation */,
				D1BA8A302FF1E607001D5466 /* Views */,
				D1BA8A022FF1E5F6001D5466 /* API */,
				D1BA89EF2FF1E5DC001D5466 /* Service */,
				D10589C12DC2D8A400E0F3BE /* Models */,
				D10D1DD32DA6EDBE00746F53 /* Test Data */,
				D16CAE4E2BB3724100ECA710 /* Assets.xcassets */,
				D16CAE502BB3724100ECA710 /* Preview Content */,
			);
			path = DungeonsAndLlamas;
			sourceTree = "<group>";
		};
		D16CAE502BB3724100ECA710 /* Preview Content */ = {
			isa = PBXGroup;
			children = (
				D16CAE512BB3724100ECA710 /* Preview Assets.xcassets */,
			);
			path = "Preview Content";
			sourceTree = "<group>";
		};
/* End PBXGroup section */

/* Begin PBXNativeTarget section */
		D16CAE442BB3724000ECA710 /* DungeonsAndLlamas */ = {
			isa = PBXNativeTarget;
			buildConfigurationList = D16CAE552BB3724100ECA710 /* Build configuration list for PBXNativeTarget "DungeonsAndLlamas" */;
			buildPhases = (
				D16CAE412BB3724000ECA710 /* Sources */,
				D16CAE422BB3724000ECA710 /* Frameworks */,
				D16CAE432BB3724000ECA710 /* Resources */,
			);
			buildRules = (
			);
			dependencies = (
			);
			fileSystemSynchronizedGroups = (
				D1BA89EF2FF1E5DC001D5466 /* Service */,
				D1BA8A022FF1E5F6001D5466 /* API */,
				D1BA8A0D2FF1E604001D5466 /* Navigation */,
				D1BA8A302FF1E607001D5466 /* Views */,
			);
			name = DungeonsAndLlamas;
			productName = DungeonsAndLlamas;
			productReference = D16CAE452BB3724000ECA710 /* DungeonsAndLlamas.app */;
			productType = "com.apple.product-type.application";
		};
/* End PBXNativeTarget section */

/* Begin PBXProject section */
		D16CAE3D2BB3724000ECA710 /* Project object */ = {
			isa = PBXProject;
			attributes = {
				BuildIndependentTargetsInParallel = 1;
				LastSwiftUpdateCheck = 1530;
				LastUpgradeCheck = 1630;
				TargetAttributes = {
					D16CAE442BB3724000ECA710 = {
						CreatedOnToolsVersion = 15.3;
					};
				};
			};
			buildConfigurationList = D16CAE402BB3724000ECA710 /* Build configuration list for PBXProject "DungeonsAndLlamas" */;
			compatibilityVersion = "Xcode 14.0";
			developmentRegion = en;
			hasScannedForEncodings = 0;
			knownRegions = (
				en,
				Base,
			);
			mainGroup = D16CAE3C2BB3724000ECA710;
			packageReferences = (
				D1F839D02DA07C580028E034 /* XCRemoteSwiftPackageReference "SQLite" */,
				D121A5492DC19517000CE87D /* XCRemoteSwiftPackageReference "AnyCodable" */,
				D1BA8A822FF1EF73001D5466 /* XCLocalSwiftPackageReference "SQLPropertyMacros" */,
			);
			productRefGroup = D16CAE462BB3724000ECA710 /* Products */;
			projectDirPath = "";
			projectRoot = "";
			targets = (
				D16CAE442BB3724000ECA710 /* DungeonsAndLlamas */,
			);
		};
/* End PBXProject section */

/* Begin PBXResourcesBuildPhase section */
		D16CAE432BB3724000ECA710 /* Resources */ = {
			isa = PBXResourcesBuildPhase;
			buildActionMask = 2147483647;
			files = (
				D16CAE522BB3724100ECA710 /* Preview Assets.xcassets in Resources */,
				D16CAE4F2BB3724100ECA710 /* Assets.xcassets in Resources */,
				D10589C32DC2D8A400E0F3BE /* .gitkeep in Resources */,
				D10D1DD52DA6EDD900746F53 /* inpaint.drawing in Resources */,
				D10D1DD72DA6F0F500746F53 /* fancycat.drawing in Resources */,
			);
			runOnlyForDeploymentPostprocessing = 0;
		};
/* End PBXResourcesBuildPhase section */

/* Begin PBXSourcesBuildPhase section */
		D16CAE412BB3724000ECA710 /* Sources */ = {
			isa = PBXSourcesBuildPhase;
			buildActionMask = 2147483647;
			files = (
				D10589C52DC2D8A400E0F3BE /* DepthAnythingV2SmallF16.mlpackage in Sources */,
				D130247B2DC97011006EA67C /* FastViTT8F16.mlpackage in Sources */,
				D16CAE492BB3724000ECA710 /* DungeonsAndLlamasApp.swift in Sources */,
				D13024772DC969F5006EA67C /* FastViTMA36F16.mlpackage in Sources */,
				D1433E4D300D25D600FB7E8C /* mobileclip2_s2.aimodel in Sources */,
			);
			runOnlyForDeploymentPostprocessing = 0;
		};
/* End PBXSourcesBuildPhase section */

/* Begin XCBuildConfiguration section */
		D16CAE532BB3724100ECA710 /* Debug */ = {
			isa = XCBuildConfiguration;
			buildSettings = {
				ALWAYS_SEARCH_USER_PATHS = NO;
				ASSETCATALOG_COMPILER_GENERATE_SWIFT_ASSET_SYMBOL_EXTENSIONS = YES;
				CLANG_ANALYZER_NONNULL = YES;
				CLANG_ANALYZER_NUMBER_OBJECT_CONVERSION = YES_AGGRESSIVE;
				CLANG_CXX_LANGUAGE_STANDARD = "gnu++20";
				CLANG_ENABLE_MODULES = YES;
				CLANG_ENABLE_OBJC_ARC = YES;
				CLANG_ENABLE_OBJC_WEAK = YES;
				CLANG_WARN_BLOCK_CAPTURE_AUTORELEASING = YES;
				CLANG_WARN_BOOL_CONVERSION = YES;
				CLANG_WARN_COMMA = YES;
				CLANG_WARN_CONSTANT_CONVERSION = YES;
				CLANG_WARN_DEPRECATED_OBJC_IMPLEMENTATIONS = YES;
				CLANG_WARN_DIRECT_OBJC_ISA_USAGE = YES_ERROR;
				CLANG_WARN_DOCUMENTATION_COMMENTS = YES;
				CLANG_WARN_EMPTY_BODY = YES;
				CLANG_WARN_ENUM_CONVERSION = YES;
				CLANG_WARN_INFINITE_RECURSION = YES;
				CLANG_WARN_INT_CONVERSION = YES;
				CLANG_WARN_NON_LITERAL_NULL_CONVERSION = YES;
				CLANG_WARN_OBJC_IMPLICIT_RETAIN_SELF = YES;
				CLANG_WARN_OBJC_LITERAL_CONVERSION = YES;
				CLANG_WARN_OBJC_ROOT_CLASS = YES_ERROR;
				CLANG_WARN_QUOTED_INCLUDE_IN_FRAMEWORK_HEADER = YES;
				CLANG_WARN_RANGE_LOOP_ANALYSIS = YES;
				CLANG_WARN_STRICT_PROTOTYPES = YES;
				CLANG_WARN_SUSPICIOUS_MOVE = YES;
				CLANG_WARN_UNGUARDED_AVAILABILITY = YES_AGGRESSIVE;
				CLANG_WARN_UNREACHABLE_CODE = YES;
				CLANG_WARN__DUPLICATE_METHOD_MATCH = YES;
				COPY_PHASE_STRIP = NO;
				DEBUG_INFORMATION_FORMAT = dwarf;
				DEVELOPMENT_TEAM = P87URHZFZ4;
				ENABLE_STRICT_OBJC_MSGSEND = YES;
				ENABLE_TESTABILITY = YES;
				ENABLE_USER_SCRIPT_SANDBOXING = YES;
				GCC_C_LANGUAGE_STANDARD = gnu17;
				GCC_DYNAMIC_NO_PIC = NO;
				GCC_NO_COMMON_BLOCKS = YES;
				GCC_OPTIMIZATION_LEVEL = 0;
				GCC_PREPROCESSOR_DEFINITIONS = (
					"DEBUG=1",
					"$(inherited)",
				);
				GCC_WARN_64_TO_32_BIT_CONVERSION = YES;
				GCC_WARN_ABOUT_RETURN_TYPE = YES_ERROR;
				GCC_WARN_UNDECLARED_SELECTOR = YES;
				GCC_WARN_UNINITIALIZED_AUTOS = YES_AGGRESSIVE;
				GCC_WARN_UNUSED_FUNCTION = YES;
				GCC_WARN_UNUSED_VARIABLE = YES;
				IPHONEOS_DEPLOYMENT_TARGET = 17.4;
				LOCALIZATION_PREFERS_STRING_CATALOGS = YES;
				MTL_ENABLE_DEBUG_INFO = INCLUDE_SOURCE;
				MTL_FAST_MATH = YES;
				ONLY_ACTIVE_ARCH = YES;
				SDKROOT = iphoneos;
				SWIFT_ACTIVE_COMPILATION_CONDITIONS = "DEBUG $(inherited)";
				SWIFT_OPTIMIZATION_LEVEL = "-Onone";
			};
			name = Debug;
		};
		D16CAE542BB3724100ECA710 /* Release */ = {
			isa = XCBuildConfiguration;
			buildSettings = {
				ALWAYS_SEARCH_USER_PATHS = NO;
				ASSETCATALOG_COMPILER_GENERATE_SWIFT_ASSET_SYMBOL_EXTENSIONS = YES;
				CLANG_ANALYZER_NONNULL = YES;
				CLANG_ANALYZER_NUMBER_OBJECT_CONVERSION = YES_AGGRESSIVE;
				CLANG_CXX_LANGUAGE_STANDARD = "gnu++20";
				CLANG_ENABLE_MODULES = YES;
				CLANG_ENABLE_OBJC_ARC = YES;
				CLANG_ENABLE_OBJC_WEAK = YES;
				CLANG_WARN_BLOCK_CAPTURE_AUTORELEASING = YES;
				CLANG_WARN_BOOL_CONVERSION = YES;
				CLANG_WARN_COMMA = YES;
				CLANG_WARN_CONSTANT_CONVERSION = YES;
				CLANG_WARN_DEPRECATED_OBJC_IMPLEMENTATIONS = YES;
				CLANG_WARN_DIRECT_OBJC_ISA_USAGE = YES_ERROR;
				CLANG_WARN_DOCUMENTATION_COMMENTS = YES;
				CLANG_WARN_EMPTY_BODY = YES;
				CLANG_WARN_ENUM_CONVERSION = YES;
				CLANG_WARN_INFINITE_RECURSION = YES;
				CLANG_WARN_INT_CONVERSION = YES;
				CLANG_WARN_NON_LITERAL_NULL_CONVERSION = YES;
				CLANG_WARN_OBJC_IMPLICIT_RETAIN_SELF = YES;
				CLANG_WARN_OBJC_LITERAL_CONVERSION = YES;
				CLANG_WARN_OBJC_ROOT_CLASS = YES_ERROR;
				CLANG_WARN_QUOTED_INCLUDE_IN_FRAMEWORK_HEADER = YES;
				CLANG_WARN_RANGE_LOOP_ANALYSIS = YES;
				CLANG_WARN_STRICT_PROTOTYPES = YES;
				CLANG_WARN_SUSPICIOUS_MOVE = YES;
				CLANG_WARN_UNGUARDED_AVAILABILITY = YES_AGGRESSIVE;
				CLANG_WARN_UNREACHABLE_CODE = YES;
				CLANG_WARN__DUPLICATE_METHOD_MATCH = YES;
				COPY_PHASE_STRIP = NO;
				DEBUG_INFORMATION_FORMAT = "dwarf-with-dsym";
				DEVELOPMENT_TEAM = P87URHZFZ4;
				ENABLE_NS_ASSERTIONS = NO;
				ENABLE_STRICT_OBJC_MSGSEND = YES;
				ENABLE_USER_SCRIPT_SANDBOXING = YES;
				GCC_C_LANGUAGE_STANDARD = gnu17;
				GCC_NO_COMMON_BLOCKS = YES;
				GCC_WARN_64_TO_32_BIT_CONVERSION = YES;
				GCC_WARN_ABOUT_RETURN_TYPE = YES_ERROR;
				GCC_WARN_UNDECLARED_SELECTOR = YES;
				GCC_WARN_UNINITIALIZED_AUTOS = YES_AGGRESSIVE;
				GCC_WARN_UNUSED_FUNCTION = YES;
				GCC_WARN_UNUSED_VARIABLE = YES;
				IPHONEOS_DEPLOYMENT_TARGET = 17.4;
				LOCALIZATION_PREFERS_STRING_CATALOGS = YES;
				MTL_ENABLE_DEBUG_INFO = NO;
				MTL_FAST_MATH = YES;
				SDKROOT = iphoneos;
				SWIFT_COMPILATION_MODE = wholemodule;
				VALIDATE_PRODUCT = YES;
			};
			name = Release;
		};
		D16CAE562BB3724100ECA710 /* Debug */ = {
			isa = XCBuildConfiguration;
			buildSettings = {
				ASSETCATALOG_COMPILER_APPICON_NAME = AppIcon;
				ASSETCATALOG_COMPILER_GLOBAL_ACCENT_COLOR_NAME = AccentColor;
				CODE_SIGN_STYLE = Automatic;
				CURRENT_PROJECT_VERSION = 1;
				DEVELOPMENT_ASSET_PATHS = "\"DungeonsAndLlamas/Preview Content\"";
				ENABLE_PREVIEWS = YES;
				GENERATE_INFOPLIST_FILE = NO;
				INFOPLIST_FILE = DungeonsAndLlamas/Info.plist;
				INFOPLIST_KEY_LSApplicationCategoryType = "";
				INFOPLIST_KEY_NSCameraUsageDescription = "Take pictures and stuff";
				INFOPLIST_KEY_NSPhotoLibraryUsageDescription = "Save generated images to your library";
				INFOPLIST_KEY_UIApplicationSceneManifest_Generation = YES;
				INFOPLIST_KEY_UIApplicationSupportsIndirectInputEvents = YES;
				INFOPLIST_KEY_UILaunchScreen_Generation = YES;
				INFOPLIST_KEY_UIStatusBarStyle = "";
				INFOPLIST_KEY_UISupportedInterfaceOrientations_iPad = "UIInterfaceOrientationPortrait UIInterfaceOrientationPortraitUpsideDown UIInterfaceOrientationLandscapeLeft UIInterfaceOrientationLandscapeRight";
				INFOPLIST_KEY_UISupportedInterfaceOrientations_iPhone = "UIInterfaceOrientationPortrait UIInterfaceOrientationLandscapeLeft UIInterfaceOrientationLandscapeRight";
				IPHONEOS_DEPLOYMENT_TARGET = 27.0;
				LD_RUNPATH_SEARCH_PATHS = (
					"$(inherited)",
					"@executable_path/Frameworks",
				);
				MARKETING_VERSION = 1.0;
				PRODUCT_BUNDLE_IDENTIFIER = com.leveltenpaladin.DungeonsAndLlamas;
				PRODUCT_NAME = "$(TARGET_NAME)";
				SWIFT_EMIT_LOC_STRINGS = YES;
				SWIFT_STRICT_CONCURRENCY = complete;
				SWIFT_VERSION = 6.0;
				TARGETED_DEVICE_FAMILY = "1,2";
			};
			name = Debug;
		};
		D16CAE572BB3724100ECA710 /* Release */ = {
			isa = XCBuildConfiguration;
			buildSettings = {
				ASSETCATALOG_COMPILER_APPICON_NAME = AppIcon;
				ASSETCATALOG_COMPILER_GLOBAL_ACCENT_COLOR_NAME = AccentColor;
				CODE_SIGN_STYLE = Automatic;
				CURRENT_PROJECT_VERSION = 1;
				DEVELOPMENT_ASSET_PATHS = "\"DungeonsAndLlamas/Preview Content\"";
				ENABLE_PREVIEWS = YES;
				GENERATE_INFOPLIST_FILE = NO;
				INFOPLIST_FILE = DungeonsAndLlamas/Info.plist;
				INFOPLIST_KEY_LSApplicationCategoryType = "";
				INFOPLIST_KEY_NSCameraUsageDescription = "Take pictures and stuff";
				INFOPLIST_KEY_NSPhotoLibraryUsageDescription = "Save generated images to your library";
				INFOPLIST_KEY_UIApplicationSceneManifest_Generation = YES;
				INFOPLIST_KEY_UIApplicationSupportsIndirectInputEvents = YES;
				INFOPLIST_KEY_UILaunchScreen_Generation = YES;
				INFOPLIST_KEY_UIStatusBarStyle = "";
				INFOPLIST_KEY_UISupportedInterfaceOrientations_iPad = "UIInterfaceOrientationPortrait UIInterfaceOrientationPortraitUpsideDown UIInterfaceOrientationLandscapeLeft UIInterfaceOrientationLandscapeRight";
				INFOPLIST_KEY_UISupportedInterfaceOrientations_iPhone = "UIInterfaceOrientationPortrait UIInterfaceOrientationLandscapeLeft UIInterfaceOrientationLandscapeRight";
				IPHONEOS_DEPLOYMENT_TARGET = 27.0;
				LD_RUNPATH_SEARCH_PATHS = (
					"$(inherited)",
					"@executable_path/Frameworks",
				);
				MARKETING_VERSION = 1.0;
				PRODUCT_BUNDLE_IDENTIFIER = com.leveltenpaladin.DungeonsAndLlamas;
				PRODUCT_NAME = "$(TARGET_NAME)";
				SWIFT_EMIT_LOC_STRINGS = YES;
				SWIFT_STRICT_CONCURRENCY = complete;
				SWIFT_VERSION = 6.0;
				TARGETED_DEVICE_FAMILY = "1,2";
			};
			name = Release;
		};
/* End XCBuildConfiguration section */

/* Begin XCConfigurationList section */
		D16CAE402BB3724000ECA710 /* Build configuration list for PBXProject "DungeonsAndLlamas" */ = {
			isa = XCConfigurationList;
			buildConfigurations = (
				D16CAE532BB3724100ECA710 /* Debug */,
				D16CAE542BB3724100ECA710 /* Release */,
			);
			defaultConfigurationIsVisible = 0;
			defaultConfigurationName = Release;
		};
		D16CAE552BB3724100ECA710 /* Build configuration list for PBXNativeTarget "DungeonsAndLlamas" */ = {
			isa = XCConfigurationList;
			buildConfigurations = (
				D16CAE562BB3724100ECA710 /* Debug */,
				D16CAE572BB3724100ECA710 /* Release */,
			);
			defaultConfigurationIsVisible = 0;
			defaultConfigurationName = Release;
		};
/* End XCConfigurationList section */

/* Begin XCLocalSwiftPackageReference section */
		D1BA8A822FF1EF73001D5466 /* XCLocalSwiftPackageReference "SQLPropertyMacros" */ = {
			isa = XCLocalSwiftPackageReference;
			relativePath = SQLPropertyMacros;
		};
/* End XCLocalSwiftPackageReference section */

/* Begin XCRemoteSwiftPackageReference section */
		D121A5492DC19517000CE87D /* XCRemoteSwiftPackageReference "AnyCodable" */ = {
			isa = XCRemoteSwiftPackageReference;
			repositoryURL = "https://github.com/Flight-School/AnyCodable";
			requirement = {
				kind = upToNextMajorVersion;
				minimumVersion = 0.6.7;
			};
		};
		D1F839D02DA07C580028E034 /* XCRemoteSwiftPackageReference "SQLite" */ = {
			isa = XCRemoteSwiftPackageReference;
			repositoryURL = "https://github.com/stephencelis/SQLite.swift";
			requirement = {
				kind = upToNextMajorVersion;
				minimumVersion = 0.15.3;
			};
		};
/* End XCRemoteSwiftPackageReference section */

/* Begin XCSwiftPackageProductDependency section */
		D121A54A2DC19517000CE87D /* AnyCodable */ = {
			isa = XCSwiftPackageProductDependency;
			package = D121A5492DC19517000CE87D /* XCRemoteSwiftPackageReference "AnyCodable" */;
			productName = AnyCodable;
		};
		D1BA8A832FF1EF73001D5466 /* SQLPropertyMacros */ = {
			isa = XCSwiftPackageProductDependency;
			productName = SQLPropertyMacros;
		};
		D1F839D12DA07C580028E034 /* SQLite */ = {
			isa = XCSwiftPackageProductDependency;
			package = D1F839D02DA07C580028E034 /* XCRemoteSwiftPackageReference "SQLite" */;
			productName = SQLite;
		};
/* End XCSwiftPackageProductDependency section */
	};
	rootObject = D16CAE3D2BB3724000ECA710 /* Project object */;
}
