// !$*UTF8*$!
{
	archiveVersion = 1;
	classes = {
	};
	objectVersion = 56;
	objects = {

/* Begin PBXBuildFile section */
		D1320E082BD5C12D00EEEDCC /* Photo.swift in Sources */ = {isa = PBXBuildFile; fileRef = D1320E072BD5C12D00EEEDCC /* Photo.swift */; };
		D166A8952BDBFD380028100A /* ModelSettingsView.swift in Sources */ = {isa = PBXBuildFile; fileRef = D166A8942BDBFD380028100A /* ModelSettingsView.swift */; };
		D166A8972BE00CA60028100A /* DelegateToSupressWarning.swift in Sources */ = {isa = PBXBuildFile; fileRef = D166A8962BE00CA60028100A /* DelegateToSupressWarning.swift */; };
		D166A89A2BE00D370028100A /* StableDiffusionClient.swift in Sources */ = {isa = PBXBuildFile; fileRef = D166A8992BE00D370028100A /* StableDiffusionClient.swift */; };
		D166A89C2BE00D590028100A /* APIError.swift in Sources */ = {isa = PBXBuildFile; fileRef = D166A89B2BE00D590028100A /* APIError.swift */; };
		D16CAE492BB3724000ECA710 /* DungeonsAndLlamasApp.swift in Sources */ = {isa = PBXBuildFile; fileRef = D16CAE482BB3724000ECA710 /* DungeonsAndLlamasApp.swift */; };
		D16CAE4B2BB3724000ECA710 /* ContentView.swift in Sources */ = {isa = PBXBuildFile; fileRef = D16CAE4A2BB3724000ECA710 /* ContentView.swift */; };
		D16CAE4F2BB3724100ECA710 /* Assets.xcassets in Resources */ = {isa = PBXBuildFile; fileRef = D16CAE4E2BB3724100ECA710 /* Assets.xcassets */; };
		D16CAE522BB3724100ECA710 /* Preview Assets.xcassets in Resources */ = {isa = PBXBuildFile; fileRef = D16CAE512BB3724100ECA710 /* Preview Assets.xcassets */; };
		D16CAE592BB3AD0600ECA710 /* AccelerometerTestView.swift in Sources */ = {isa = PBXBuildFile; fileRef = D16CAE582BB3AD0600ECA710 /* AccelerometerTestView.swift */; };
		D16CAE5B2BB3C06700ECA710 /* LargeLangageModelClient.swift in Sources */ = {isa = PBXBuildFile; fileRef = D16CAE5A2BB3C06700ECA710 /* LargeLangageModelClient.swift */; };
		D16CAE5D2BB3C09B00ECA710 /* Secrets.swift in Sources */ = {isa = PBXBuildFile; fileRef = D16CAE5C2BB3C09B00ECA710 /* Secrets.swift */; };
		D16CAE5F2BB3C59E00ECA710 /* APITestView.swift in Sources */ = {isa = PBXBuildFile; fileRef = D16CAE5E2BB3C59E00ECA710 /* APITestView.swift */; };
		D16CAE622BB4C04E00ECA710 /* ItemGeneratorView.swift in Sources */ = {isa = PBXBuildFile; fileRef = D16CAE612BB4C04D00ECA710 /* ItemGeneratorView.swift */; };
		D17058A72BBB1919003E6668 /* ContentFlowCoordinator.swift in Sources */ = {isa = PBXBuildFile; fileRef = D17058A62BBB1919003E6668 /* ContentFlowCoordinator.swift */; };
		D17058A92BBB1956003E6668 /* ContentLink.swift in Sources */ = {isa = PBXBuildFile; fileRef = D17058A82BBB1956003E6668 /* ContentLink.swift */; };
		D17058AC2BBB198C003E6668 /* NavigationTestView.swift in Sources */ = {isa = PBXBuildFile; fileRef = D17058AB2BBB198C003E6668 /* NavigationTestView.swift */; };
		D17058AE2BBB1A14003E6668 /* LandingView.swift in Sources */ = {isa = PBXBuildFile; fileRef = D17058AD2BBB1A14003E6668 /* LandingView.swift */; };
		D17058B12BBB1EC7003E6668 /* GenerationService.swift in Sources */ = {isa = PBXBuildFile; fileRef = D17058B02BBB1EC7003E6668 /* GenerationService.swift */; };
		D178EAEB2D9C9C36001828E2 /* GradientView.swift in Sources */ = {isa = PBXBuildFile; fileRef = D178EAEA2D9C9C32001828E2 /* GradientView.swift */; };
		D1DC04322BCDB8DD007BC5D2 /* BindingStreamTestView.swift in Sources */ = {isa = PBXBuildFile; fileRef = D1DC04312BCDB8DD007BC5D2 /* BindingStreamTestView.swift */; };
		D1DC04342BCDCC02007BC5D2 /* PencilDrawingiPadView.swift in Sources */ = {isa = PBXBuildFile; fileRef = D1DC04332BCDCC02007BC5D2 /* PencilDrawingiPadView.swift */; };
		D1DC04362BCF2813007BC5D2 /* FileService.swift in Sources */ = {isa = PBXBuildFile; fileRef = D1DC04352BCF2813007BC5D2 /* FileService.swift */; };
		D1DC04382BCF2C74007BC5D2 /* SDHistoryView.swift in Sources */ = {isa = PBXBuildFile; fileRef = D1DC04372BCF2C74007BC5D2 /* SDHistoryView.swift */; };
		D1DC043A2BCF4685007BC5D2 /* PencilCanvasView.swift in Sources */ = {isa = PBXBuildFile; fileRef = D1DC04392BCF4685007BC5D2 /* PencilCanvasView.swift */; };
		D1DC043D2BD03011007BC5D2 /* PencilViewModel.swift in Sources */ = {isa = PBXBuildFile; fileRef = D1DC043C2BD03011007BC5D2 /* PencilViewModel.swift */; };
		D1DC043F2BD030C8007BC5D2 /* PencilDrawingiPhoneView.swift in Sources */ = {isa = PBXBuildFile; fileRef = D1DC043E2BD030C8007BC5D2 /* PencilDrawingiPhoneView.swift */; };
		D1DC04412BD037AB007BC5D2 /* LandingiPhoneView.swift in Sources */ = {isa = PBXBuildFile; fileRef = D1DC04402BD037AB007BC5D2 /* LandingiPhoneView.swift */; };
/* End PBXBuildFile section */

/* Begin PBXFileReference section */
		D1320E072BD5C12D00EEEDCC /* Photo.swift */ = {isa = PBXFileReference; lastKnownFileType = sourcecode.swift; path = Photo.swift; sourceTree = "<group>"; };
		D166A8942BDBFD380028100A /* ModelSettingsView.swift */ = {isa = PBXFileReference; lastKnownFileType = sourcecode.swift; path = ModelSettingsView.swift; sourceTree = "<group>"; };
		D166A8962BE00CA60028100A /* DelegateToSupressWarning.swift */ = {isa = PBXFileReference; lastKnownFileType = sourcecode.swift; path = DelegateToSupressWarning.swift; sourceTree = "<group>"; };
		D166A8992BE00D370028100A /* StableDiffusionClient.swift */ = {isa = PBXFileReference; lastKnownFileType = sourcecode.swift; path = StableDiffusionClient.swift; sourceTree = "<group>"; };
		D166A89B2BE00D590028100A /* APIError.swift */ = {isa = PBXFileReference; lastKnownFileType = sourcecode.swift; path = APIError.swift; sourceTree = "<group>"; };
		D16CAE452BB3724000ECA710 /* DungeonsAndLlamas.app */ = {isa = PBXFileReference; explicitFileType = wrapper.application; includeInIndex = 0; path = DungeonsAndLlamas.app; sourceTree = BUILT_PRODUCTS_DIR; };
		D16CAE482BB3724000ECA710 /* DungeonsAndLlamasApp.swift */ = {isa = PBXFileReference; lastKnownFileType = sourcecode.swift; path = DungeonsAndLlamasApp.swift; sourceTree = "<group>"; };
		D16CAE4A2BB3724000ECA710 /* ContentView.swift */ = {isa = PBXFileReference; lastKnownFileType = sourcecode.swift; path = ContentView.swift; sourceTree = "<group>"; };
		D16CAE4E2BB3724100ECA710 /* Assets.xcassets */ = {isa = PBXFileReference; lastKnownFileType = folder.assetcatalog; path = Assets.xcassets; sourceTree = "<group>"; };
		D16CAE512BB3724100ECA710 /* Preview Assets.xcassets */ = {isa = PBXFileReference; lastKnownFileType = folder.assetcatalog; path = "Preview Assets.xcassets"; sourceTree = "<group>"; };
		D16CAE582BB3AD0600ECA710 /* AccelerometerTestView.swift */ = {isa = PBXFileReference; lastKnownFileType = sourcecode.swift; path = AccelerometerTestView.swift; sourceTree = "<group>"; };
		D16CAE5A2BB3C06700ECA710 /* LargeLangageModelClient.swift */ = {isa = PBXFileReference; lastKnownFileType = sourcecode.swift; path = LargeLangageModelClient.swift; sourceTree = "<group>"; };
		D16CAE5C2BB3C09B00ECA710 /* Secrets.swift */ = {isa = PBXFileReference; lastKnownFileType = sourcecode.swift; path = Secrets.swift; sourceTree = "<group>"; };
		D16CAE5E2BB3C59E00ECA710 /* APITestView.swift */ = {isa = PBXFileReference; lastKnownFileType = sourcecode.swift; path = APITestView.swift; sourceTree = "<group>"; };
		D16CAE612BB4C04D00ECA710 /* ItemGeneratorView.swift */ = {isa = PBXFileReference; lastKnownFileType = sourcecode.swift; path = ItemGeneratorView.swift; sourceTree = "<group>"; };
		D17058A62BBB1919003E6668 /* ContentFlowCoordinator.swift */ = {isa = PBXFileReference; lastKnownFileType = sourcecode.swift; path = ContentFlowCoordinator.swift; sourceTree = "<group>"; };
		D17058A82BBB1956003E6668 /* ContentLink.swift */ = {isa = PBXFileReference; lastKnownFileType = sourcecode.swift; path = ContentLink.swift; sourceTree = "<group>"; };
		D17058AB2BBB198C003E6668 /* NavigationTestView.swift */ = {isa = PBXFileReference; lastKnownFileType = sourcecode.swift; path = NavigationTestView.swift; sourceTree = "<group>"; };
		D17058AD2BBB1A14003E6668 /* LandingView.swift */ = {isa = PBXFileReference; lastKnownFileType = sourcecode.swift; path = LandingView.swift; sourceTree = "<group>"; };
		D17058B02BBB1EC7003E6668 /* GenerationService.swift */ = {isa = PBXFileReference; lastKnownFileType = sourcecode.swift; path = GenerationService.swift; sourceTree = "<group>"; };
		D178EAEA2D9C9C32001828E2 /* GradientView.swift */ = {isa = PBXFileReference; lastKnownFileType = sourcecode.swift; path = GradientView.swift; sourceTree = "<group>"; };
		D1DC04312BCDB8DD007BC5D2 /* BindingStreamTestView.swift */ = {isa = PBXFileReference; lastKnownFileType = sourcecode.swift; path = BindingStreamTestView.swift; sourceTree = "<group>"; };
		D1DC04332BCDCC02007BC5D2 /* PencilDrawingiPadView.swift */ = {isa = PBXFileReference; lastKnownFileType = sourcecode.swift; path = PencilDrawingiPadView.swift; sourceTree = "<group>"; };
		D1DC04352BCF2813007BC5D2 /* FileService.swift */ = {isa = PBXFileReference; lastKnownFileType = sourcecode.swift; path = FileService.swift; sourceTree = "<group>"; };
		D1DC04372BCF2C74007BC5D2 /* SDHistoryView.swift */ = {isa = PBXFileReference; lastKnownFileType = sourcecode.swift; path = SDHistoryView.swift; sourceTree = "<group>"; };
		D1DC04392BCF4685007BC5D2 /* PencilCanvasView.swift */ = {isa = PBXFileReference; lastKnownFileType = sourcecode.swift; path = PencilCanvasView.swift; sourceTree = "<group>"; };
		D1DC043C2BD03011007BC5D2 /* PencilViewModel.swift */ = {isa = PBXFileReference; lastKnownFileType = sourcecode.swift; path = PencilViewModel.swift; sourceTree = "<group>"; };
		D1DC043E2BD030C8007BC5D2 /* PencilDrawingiPhoneView.swift */ = {isa = PBXFileReference; lastKnownFileType = sourcecode.swift; path = PencilDrawingiPhoneView.swift; sourceTree = "<group>"; };
		D1DC04402BD037AB007BC5D2 /* LandingiPhoneView.swift */ = {isa = PBXFileReference; lastKnownFileType = sourcecode.swift; path = LandingiPhoneView.swift; sourceTree = "<group>"; };
/* End PBXFileReference section */

/* Begin PBXFrameworksBuildPhase section */
		D16CAE422BB3724000ECA710 /* Frameworks */ = {
			isa = PBXFrameworksBuildPhase;
			buildActionMask = 2147483647;
			files = (
			);
			runOnlyForDeploymentPostprocessing = 0;
		};
/* End PBXFrameworksBuildPhase section */

/* Begin PBXGroup section */
		D166A8982BE00CBF0028100A /* Service */ = {
			isa = PBXGroup;
			children = (
				D1DC04352BCF2813007BC5D2 /* FileService.swift */,
				D17058B02BBB1EC7003E6668 /* GenerationService.swift */,
			);
			path = Service;
			sourceTree = "<group>";
		};
		D16CAE3C2BB3724000ECA710 = {
			isa = PBXGroup;
			children = (
				D16CAE472BB3724000ECA710 /* DungeonsAndLlamas */,
				D16CAE462BB3724000ECA710 /* Products */,
			);
			sourceTree = "<group>";
		};
		D16CAE462BB3724000ECA710 /* Products */ = {
			isa = PBXGroup;
			children = (
				D16CAE452BB3724000ECA710 /* DungeonsAndLlamas.app */,
			);
			name = Products;
			sourceTree = "<group>";
		};
		D16CAE472BB3724000ECA710 /* DungeonsAndLlamas */ = {
			isa = PBXGroup;
			children = (
				D16CAE482BB3724000ECA710 /* DungeonsAndLlamasApp.swift */,
				D17058AA2BBB196D003E6668 /* Navigation */,
				D17058A52BBB18D1003E6668 /* Views */,
				D17058A42BBB18C6003E6668 /* API */,
				D166A8982BE00CBF0028100A /* Service */,
				D16CAE4E2BB3724100ECA710 /* Assets.xcassets */,
				D16CAE502BB3724100ECA710 /* Preview Content */,
			);
			path = DungeonsAndLlamas;
			sourceTree = "<group>";
		};
		D16CAE502BB3724100ECA710 /* Preview Content */ = {
			isa = PBXGroup;
			children = (
				D16CAE512BB3724100ECA710 /* Preview Assets.xcassets */,
			);
			path = "Preview Content";
			sourceTree = "<group>";
		};
		D17058A42BBB18C6003E6668 /* API */ = {
			isa = PBXGroup;
			children = (
				D16CAE5A2BB3C06700ECA710 /* LargeLangageModelClient.swift */,
				D166A8992BE00D370028100A /* StableDiffusionClient.swift */,
				D16CAE5C2BB3C09B00ECA710 /* Secrets.swift */,
				D166A8962BE00CA60028100A /* DelegateToSupressWarning.swift */,
				D166A89B2BE00D590028100A /* APIError.swift */,
			);
			path = API;
			sourceTree = "<group>";
		};
		D17058A52BBB18D1003E6668 /* Views */ = {
			isa = PBXGroup;
			children = (
				D16CAE4A2BB3724000ECA710 /* ContentView.swift */,
				D1DC043B2BD02D1D007BC5D2 /* Drawing */,
				D17058AF2BBB1DDD003E6668 /* Test Views */,
				D17058AD2BBB1A14003E6668 /* LandingView.swift */,
				D1DC04402BD037AB007BC5D2 /* LandingiPhoneView.swift */,
				D16CAE612BB4C04D00ECA710 /* ItemGeneratorView.swift */,
				D1320E072BD5C12D00EEEDCC /* Photo.swift */,
				D1DC04372BCF2C74007BC5D2 /* SDHistoryView.swift */,
				D166A8942BDBFD380028100A /* ModelSettingsView.swift */,
				D178EAEA2D9C9C32001828E2 /* GradientView.swift */,
			);
			path = Views;
			sourceTree = "<group>";
		};
		D17058AA2BBB196D003E6668 /* Navigation */ = {
			isa = PBXGroup;
			children = (
				D17058A62BBB1919003E6668 /* ContentFlowCoordinator.swift */,
				D17058A82BBB1956003E6668 /* ContentLink.swift */,
			);
			path = Navigation;
			sourceTree = "<group>";
		};
		D17058AF2BBB1DDD003E6668 /* Test Views */ = {
			isa = PBXGroup;
			children = (
				D16CAE582BB3AD0600ECA710 /* AccelerometerTestView.swift */,
				D16CAE5E2BB3C59E00ECA710 /* APITestView.swift */,
				D17058AB2BBB198C003E6668 /* NavigationTestView.swift */,
				D1DC04312BCDB8DD007BC5D2 /* BindingStreamTestView.swift */,
			);
			path = "Test Views";
			sourceTree = "<group>";
		};
		D1DC043B2BD02D1D007BC5D2 /* Drawing */ = {
			isa = PBXGroup;
			children = (
				D1DC04332BCDCC02007BC5D2 /* PencilDrawingiPadView.swift */,
				D1DC043E2BD030C8007BC5D2 /* PencilDrawingiPhoneView.swift */,
				D1DC04392BCF4685007BC5D2 /* PencilCanvasView.swift */,
				D1DC043C2BD03011007BC5D2 /* PencilViewModel.swift */,
			);
			path = Drawing;
			sourceTree = "<group>";
		};
/* End PBXGroup section */

/* Begin PBXNativeTarget section */
		D16CAE442BB3724000ECA710 /* DungeonsAndLlamas */ = {
			isa = PBXNativeTarget;
			buildConfigurationList = D16CAE552BB3724100ECA710 /* Build configuration list for PBXNativeTarget "DungeonsAndLlamas" */;
			buildPhases = (
				D16CAE412BB3724000ECA710 /* Sources */,
				D16CAE422BB3724000ECA710 /* Frameworks */,
				D16CAE432BB3724000ECA710 /* Resources */,
			);
			buildRules = (
			);
			dependencies = (
			);
			name = DungeonsAndLlamas;
			productName = DungeonsAndLlamas;
			productReference = D16CAE452BB3724000ECA710 /* DungeonsAndLlamas.app */;
			productType = "com.apple.product-type.application";
		};
/* End PBXNativeTarget section */

/* Begin PBXProject section */
		D16CAE3D2BB3724000ECA710 /* Project object */ = {
			isa = PBXProject;
			attributes = {
				BuildIndependentTargetsInParallel = 1;
				LastSwiftUpdateCheck = 1530;
				LastUpgradeCheck = 1530;
				TargetAttributes = {
					D16CAE442BB3724000ECA710 = {
						CreatedOnToolsVersion = 15.3;
					};
				};
			};
			buildConfigurationList = D16CAE402BB3724000ECA710 /* Build configuration list for PBXProject "DungeonsAndLlamas" */;
			compatibilityVersion = "Xcode 14.0";
			developmentRegion = en;
			hasScannedForEncodings = 0;
			knownRegions = (
				en,
				Base,
			);
			mainGroup = D16CAE3C2BB3724000ECA710;
			productRefGroup = D16CAE462BB3724000ECA710 /* Products */;
			projectDirPath = "";
			projectRoot = "";
			targets = (
				D16CAE442BB3724000ECA710 /* DungeonsAndLlamas */,
			);
		};
/* End PBXProject section */

/* Begin PBXResourcesBuildPhase section */
		D16CAE432BB3724000ECA710 /* Resources */ = {
			isa = PBXResourcesBuildPhase;
			buildActionMask = 2147483647;
			files = (
				D16CAE522BB3724100ECA710 /* Preview Assets.xcassets in Resources */,
				D16CAE4F2BB3724100ECA710 /* Assets.xcassets in Resources */,
			);
			runOnlyForDeploymentPostprocessing = 0;
		};
/* End PBXResourcesBuildPhase section */

/* Begin PBXSourcesBuildPhase section */
		D16CAE412BB3724000ECA710 /* Sources */ = {
			isa = PBXSourcesBuildPhase;
			buildActionMask = 2147483647;
			files = (
				D1320E082BD5C12D00EEEDCC /* Photo.swift in Sources */,
				D16CAE592BB3AD0600ECA710 /* AccelerometerTestView.swift in Sources */,
				D1DC043D2BD03011007BC5D2 /* PencilViewModel.swift in Sources */,
				D1DC04322BCDB8DD007BC5D2 /* BindingStreamTestView.swift in Sources */,
				D1DC04382BCF2C74007BC5D2 /* SDHistoryView.swift in Sources */,
				D166A8952BDBFD380028100A /* ModelSettingsView.swift in Sources */,
				D16CAE5D2BB3C09B00ECA710 /* Secrets.swift in Sources */,
				D16CAE4B2BB3724000ECA710 /* ContentView.swift in Sources */,
				D16CAE5B2BB3C06700ECA710 /* LargeLangageModelClient.swift in Sources */,
				D1DC043F2BD030C8007BC5D2 /* PencilDrawingiPhoneView.swift in Sources */,
				D16CAE492BB3724000ECA710 /* DungeonsAndLlamasApp.swift in Sources */,
				D178EAEB2D9C9C36001828E2 /* GradientView.swift in Sources */,
				D16CAE622BB4C04E00ECA710 /* ItemGeneratorView.swift in Sources */,
				D1DC04342BCDCC02007BC5D2 /* PencilDrawingiPadView.swift in Sources */,
				D1DC04362BCF2813007BC5D2 /* FileService.swift in Sources */,
				D17058AC2BBB198C003E6668 /* NavigationTestView.swift in Sources */,
				D166A89A2BE00D370028100A /* StableDiffusionClient.swift in Sources */,
				D1DC043A2BCF4685007BC5D2 /* PencilCanvasView.swift in Sources */,
				D17058B12BBB1EC7003E6668 /* GenerationService.swift in Sources */,
				D17058A72BBB1919003E6668 /* ContentFlowCoordinator.swift in Sources */,
				D16CAE5F2BB3C59E00ECA710 /* APITestView.swift in Sources */,
				D1DC04412BD037AB007BC5D2 /* LandingiPhoneView.swift in Sources */,
				D17058AE2BBB1A14003E6668 /* LandingView.swift in Sources */,
				D166A8972BE00CA60028100A /* DelegateToSupressWarning.swift in Sources */,
				D166A89C2BE00D590028100A /* APIError.swift in Sources */,
				D17058A92BBB1956003E6668 /* ContentLink.swift in Sources */,
			);
			runOnlyForDeploymentPostprocessing = 0;
		};
/* End PBXSourcesBuildPhase section */

/* Begin XCBuildConfiguration section */
		D16CAE532BB3724100ECA710 /* Debug */ = {
			isa = XCBuildConfiguration;
			buildSettings = {
				ALWAYS_SEARCH_USER_PATHS = NO;
				ASSETCATALOG_COMPILER_GENERATE_SWIFT_ASSET_SYMBOL_EXTENSIONS = YES;
				CLANG_ANALYZER_NONNULL = YES;
				CLANG_ANALYZER_NUMBER_OBJECT_CONVERSION = YES_AGGRESSIVE;
				CLANG_CXX_LANGUAGE_STANDARD = "gnu++20";
				CLANG_ENABLE_MODULES = YES;
				CLANG_ENABLE_OBJC_ARC = YES;
				CLANG_ENABLE_OBJC_WEAK = YES;
				CLANG_WARN_BLOCK_CAPTURE_AUTORELEASING = YES;
				CLANG_WARN_BOOL_CONVERSION = YES;
				CLANG_WARN_COMMA = YES;
				CLANG_WARN_CONSTANT_CONVERSION = YES;
				CLANG_WARN_DEPRECATED_OBJC_IMPLEMENTATIONS = YES;
				CLANG_WARN_DIRECT_OBJC_ISA_USAGE = YES_ERROR;
				CLANG_WARN_DOCUMENTATION_COMMENTS = YES;
				CLANG_WARN_EMPTY_BODY = YES;
				CLANG_WARN_ENUM_CONVERSION = YES;
				CLANG_WARN_INFINITE_RECURSION = YES;
				CLANG_WARN_INT_CONVERSION = YES;
				CLANG_WARN_NON_LITERAL_NULL_CONVERSION = YES;
				CLANG_WARN_OBJC_IMPLICIT_RETAIN_SELF = YES;
				CLANG_WARN_OBJC_LITERAL_CONVERSION = YES;
				CLANG_WARN_OBJC_ROOT_CLASS = YES_ERROR;
				CLANG_WARN_QUOTED_INCLUDE_IN_FRAMEWORK_HEADER = YES;
				CLANG_WARN_RANGE_LOOP_ANALYSIS = YES;
				CLANG_WARN_STRICT_PROTOTYPES = YES;
				CLANG_WARN_SUSPICIOUS_MOVE = YES;
				CLANG_WARN_UNGUARDED_AVAILABILITY = YES_AGGRESSIVE;
				CLANG_WARN_UNREACHABLE_CODE = YES;
				CLANG_WARN__DUPLICATE_METHOD_MATCH = YES;
				COPY_PHASE_STRIP = NO;
				DEBUG_INFORMATION_FORMAT = dwarf;
				ENABLE_STRICT_OBJC_MSGSEND = YES;
				ENABLE_TESTABILITY = YES;
				ENABLE_USER_SCRIPT_SANDBOXING = YES;
				GCC_C_LANGUAGE_STANDARD = gnu17;
				GCC_DYNAMIC_NO_PIC = NO;
				GCC_NO_COMMON_BLOCKS = YES;
				GCC_OPTIMIZATION_LEVEL = 0;
				GCC_PREPROCESSOR_DEFINITIONS = (
					"DEBUG=1",
					"$(inherited)",
				);
				GCC_WARN_64_TO_32_BIT_CONVERSION = YES;
				GCC_WARN_ABOUT_RETURN_TYPE = YES_ERROR;
				GCC_WARN_UNDECLARED_SELECTOR = YES;
				GCC_WARN_UNINITIALIZED_AUTOS = YES_AGGRESSIVE;
				GCC_WARN_UNUSED_FUNCTION = YES;
				GCC_WARN_UNUSED_VARIABLE = YES;
				IPHONEOS_DEPLOYMENT_TARGET = 17.4;
				LOCALIZATION_PREFERS_STRING_CATALOGS = YES;
				MTL_ENABLE_DEBUG_INFO = INCLUDE_SOURCE;
				MTL_FAST_MATH = YES;
				ONLY_ACTIVE_ARCH = YES;
				SDKROOT = iphoneos;
				SWIFT_ACTIVE_COMPILATION_CONDITIONS = "DEBUG $(inherited)";
				SWIFT_OPTIMIZATION_LEVEL = "-Onone";
			};
			name = Debug;
		};
		D16CAE542BB3724100ECA710 /* Release */ = {
			isa = XCBuildConfiguration;
			buildSettings = {
				ALWAYS_SEARCH_USER_PATHS = NO;
				ASSETCATALOG_COMPILER_GENERATE_SWIFT_ASSET_SYMBOL_EXTENSIONS = YES;
				CLANG_ANALYZER_NONNULL = YES;
				CLANG_ANALYZER_NUMBER_OBJECT_CONVERSION = YES_AGGRESSIVE;
				CLANG_CXX_LANGUAGE_STANDARD = "gnu++20";
				CLANG_ENABLE_MODULES = YES;
				CLANG_ENABLE_OBJC_ARC = YES;
				CLANG_ENABLE_OBJC_WEAK = YES;
				CLANG_WARN_BLOCK_CAPTURE_AUTORELEASING = YES;
				CLANG_WARN_BOOL_CONVERSION = YES;
				CLANG_WARN_COMMA = YES;
				CLANG_WARN_CONSTANT_CONVERSION = YES;
				CLANG_WARN_DEPRECATED_OBJC_IMPLEMENTATIONS = YES;
				CLANG_WARN_DIRECT_OBJC_ISA_USAGE = YES_ERROR;
				CLANG_WARN_DOCUMENTATION_COMMENTS = YES;
				CLANG_WARN_EMPTY_BODY = YES;
				CLANG_WARN_ENUM_CONVERSION = YES;
				CLANG_WARN_INFINITE_RECURSION = YES;
				CLANG_WARN_INT_CONVERSION = YES;
				CLANG_WARN_NON_LITERAL_NULL_CONVERSION = YES;
				CLANG_WARN_OBJC_IMPLICIT_RETAIN_SELF = YES;
				CLANG_WARN_OBJC_LITERAL_CONVERSION = YES;
				CLANG_WARN_OBJC_ROOT_CLASS = YES_ERROR;
				CLANG_WARN_QUOTED_INCLUDE_IN_FRAMEWORK_HEADER = YES;
				CLANG_WARN_RANGE_LOOP_ANALYSIS = YES;
				CLANG_WARN_STRICT_PROTOTYPES = YES;
				CLANG_WARN_SUSPICIOUS_MOVE = YES;
				CLANG_WARN_UNGUARDED_AVAILABILITY = YES_AGGRESSIVE;
				CLANG_WARN_UNREACHABLE_CODE = YES;
				CLANG_WARN__DUPLICATE_METHOD_MATCH = YES;
				COPY_PHASE_STRIP = NO;
				DEBUG_INFORMATION_FORMAT = "dwarf-with-dsym";
				ENABLE_NS_ASSERTIONS = NO;
				ENABLE_STRICT_OBJC_MSGSEND = YES;
				ENABLE_USER_SCRIPT_SANDBOXING = YES;
				GCC_C_LANGUAGE_STANDARD = gnu17;
				GCC_NO_COMMON_BLOCKS = YES;
				GCC_WARN_64_TO_32_BIT_CONVERSION = YES;
				GCC_WARN_ABOUT_RETURN_TYPE = YES_ERROR;
				GCC_WARN_UNDECLARED_SELECTOR = YES;
				GCC_WARN_UNINITIALIZED_AUTOS = YES_AGGRESSIVE;
				GCC_WARN_UNUSED_FUNCTION = YES;
				GCC_WARN_UNUSED_VARIABLE = YES;
				IPHONEOS_DEPLOYMENT_TARGET = 17.4;
				LOCALIZATION_PREFERS_STRING_CATALOGS = YES;
				MTL_ENABLE_DEBUG_INFO = NO;
				MTL_FAST_MATH = YES;
				SDKROOT = iphoneos;
				SWIFT_COMPILATION_MODE = wholemodule;
				VALIDATE_PRODUCT = YES;
			};
			name = Release;
		};
		D16CAE562BB3724100ECA710 /* Debug */ = {
			isa = XCBuildConfiguration;
			buildSettings = {
				ASSETCATALOG_COMPILER_APPICON_NAME = AppIcon;
				ASSETCATALOG_COMPILER_GLOBAL_ACCENT_COLOR_NAME = AccentColor;
				CODE_SIGN_STYLE = Automatic;
				CURRENT_PROJECT_VERSION = 1;
				DEVELOPMENT_ASSET_PATHS = "\"DungeonsAndLlamas/Preview Content\"";
				DEVELOPMENT_TEAM = P87URHZFZ4;
				ENABLE_PREVIEWS = YES;
				GENERATE_INFOPLIST_FILE = YES;
				INFOPLIST_FILE = DungeonsAndLlamas/Info.plist;
				INFOPLIST_KEY_NSPhotoLibraryUsageDescription = "Save generated images to your library";
				INFOPLIST_KEY_UIApplicationSceneManifest_Generation = YES;
				INFOPLIST_KEY_UIApplicationSupportsIndirectInputEvents = YES;
				INFOPLIST_KEY_UILaunchScreen_Generation = YES;
				INFOPLIST_KEY_UISupportedInterfaceOrientations_iPad = "UIInterfaceOrientationPortrait UIInterfaceOrientationPortraitUpsideDown UIInterfaceOrientationLandscapeLeft UIInterfaceOrientationLandscapeRight";
				INFOPLIST_KEY_UISupportedInterfaceOrientations_iPhone = "UIInterfaceOrientationPortrait UIInterfaceOrientationLandscapeLeft UIInterfaceOrientationLandscapeRight";
				IPHONEOS_DEPLOYMENT_TARGET = 18.0;
				LD_RUNPATH_SEARCH_PATHS = (
					"$(inherited)",
					"@executable_path/Frameworks",
				);
				MARKETING_VERSION = 1.0;
				PRODUCT_BUNDLE_IDENTIFIER = com.leveltenpaladin.DungeonsAndLlamas;
				PRODUCT_NAME = "$(TARGET_NAME)";
				SWIFT_EMIT_LOC_STRINGS = YES;
				SWIFT_STRICT_CONCURRENCY = complete;
				SWIFT_VERSION = 5.0;
				TARGETED_DEVICE_FAMILY = "1,2";
			};
			name = Debug;
		};
		D16CAE572BB3724100ECA710 /* Release */ = {
			isa = XCBuildConfiguration;
			buildSettings = {
				ASSETCATALOG_COMPILER_APPICON_NAME = AppIcon;
				ASSETCATALOG_COMPILER_GLOBAL_ACCENT_COLOR_NAME = AccentColor;
				CODE_SIGN_STYLE = Automatic;
				CURRENT_PROJECT_VERSION = 1;
				DEVELOPMENT_ASSET_PATHS = "\"DungeonsAndLlamas/Preview Content\"";
				DEVELOPMENT_TEAM = P87URHZFZ4;
				ENABLE_PREVIEWS = YES;
				GENERATE_INFOPLIST_FILE = YES;
				INFOPLIST_FILE = DungeonsAndLlamas/Info.plist;
				INFOPLIST_KEY_NSPhotoLibraryUsageDescription = "Save generated images to your library";
				INFOPLIST_KEY_UIApplicationSceneManifest_Generation = YES;
				INFOPLIST_KEY_UIApplicationSupportsIndirectInputEvents = YES;
				INFOPLIST_KEY_UILaunchScreen_Generation = YES;
				INFOPLIST_KEY_UISupportedInterfaceOrientations_iPad = "UIInterfaceOrientationPortrait UIInterfaceOrientationPortraitUpsideDown UIInterfaceOrientationLandscapeLeft UIInterfaceOrientationLandscapeRight";
				INFOPLIST_KEY_UISupportedInterfaceOrientations_iPhone = "UIInterfaceOrientationPortrait UIInterfaceOrientationLandscapeLeft UIInterfaceOrientationLandscapeRight";
				IPHONEOS_DEPLOYMENT_TARGET = 18.0;
				LD_RUNPATH_SEARCH_PATHS = (
					"$(inherited)",
					"@executable_path/Frameworks",
				);
				MARKETING_VERSION = 1.0;
				PRODUCT_BUNDLE_IDENTIFIER = com.leveltenpaladin.DungeonsAndLlamas;
				PRODUCT_NAME = "$(TARGET_NAME)";
				SWIFT_EMIT_LOC_STRINGS = YES;
				SWIFT_STRICT_CONCURRENCY = complete;
				SWIFT_VERSION = 5.0;
				TARGETED_DEVICE_FAMILY = "1,2";
			};
			name = Release;
		};
/* End XCBuildConfiguration section */

/* Begin XCConfigurationList section */
		D16CAE402BB3724000ECA710 /* Build configuration list for PBXProject "DungeonsAndLlamas" */ = {
			isa = XCConfigurationList;
			buildConfigurations = (
				D16CAE532BB3724100ECA710 /* Debug */,
				D16CAE542BB3724100ECA710 /* Release */,
			);
			defaultConfigurationIsVisible = 0;
			defaultConfigurationName = Release;
		};
		D16CAE552BB3724100ECA710 /* Build configuration list for PBXNativeTarget "DungeonsAndLlamas" */ = {
			isa = XCConfigurationList;
			buildConfigurations = (
				D16CAE562BB3724100ECA710 /* Debug */,
				D16CAE572BB3724100ECA710 /* Release */,
			);
			defaultConfigurationIsVisible = 0;
			defaultConfigurationName = Release;
		};
/* End XCConfigurationList section */
	};
	rootObject = D16CAE3D2BB3724000ECA710 /* Project object */;
}
